
Microsoft Visual Studio Solution File, Format Version 12.00
# Visual Studio Version 17
VisualStudioVersion = 17.7.34024.191
MinimumVisualStudioVersion = 10.0.40219.1
Project("{8BC9CEB8-8B4A-11D0-8D11-00A0C91BC942}") = "OS05_01", "OS05_01\OS05_01.vcxproj", "{01F4F118-D03C-4CC8-9375-D3DF9E26CE5A}"
EndProject
Project("{8BC9CEB8-8B4A-11D0-8D11-00A0C91BC942}") = "OS05_02x", "OS05_02x\OS05_02x.vcxproj", "{53F235F2-76EB-41B0-9E4F-CE166B4A6983}"
EndProject
Project("{8BC9CEB8-8B4A-11D0-8D11-00A0C91BC942}") = "OS05_02", "OS05_02\OS05_02.vcxproj", "{EB1CA30A-D1F0-4053-B1AE-477F4D77238A}"
EndProject
Project("{8BC9CEB8-8B4A-11D0-8D11-00A0C91BC942}") = "OS05_03", "OS05_03\OS05_03.vcxproj", "{3B672AA1-0FF0-4BE7-B5F7-B27BF361CC8B}"
EndProject
Global
	GlobalSection(SolutionConfigurationPlatforms) = preSolution
		Debug|x64 = Debug|x64
		Debug|x86 = Debug|x86
		Release|x64 = Release|x64
		Release|x86 = Release|x86
	EndGlobalSection
	GlobalSection(ProjectConfigurationPlatforms) = postSolution
		{01F4F118-D03C-4CC8-9375-D3DF9E26CE5A}.Debug|x64.ActiveCfg = Debug|x64
		{01F4F118-D03C-4CC8-9375-D3DF9E26CE5A}.Debug|x64.Build.0 = Debug|x64
		{01F4F118-D03C-4CC8-9375-D3DF9E26CE5A}.Debug|x86.ActiveCfg = Debug|Win32
		{01F4F118-D03C-4CC8-9375-D3DF9E26CE5A}.Debug|x86.Build.0 = Debug|Win32
		{01F4F118-D03C-4CC8-9375-D3DF9E26CE5A}.Release|x64.ActiveCfg = Release|x64
		{01F4F118-D03C-4CC8-9375-D3DF9E26CE5A}.Release|x64.Build.0 = Release|x64
		{01F4F118-D03C-4CC8-9375-D3DF9E26CE5A}.Release|x86.ActiveCfg = Release|Win32
		{01F4F118-D03C-4CC8-9375-D3DF9E26CE5A}.Release|x86.Build.0 = Release|Win32
		{53F235F2-76EB-41B0-9E4F-CE166B4A6983}.Debug|x64.ActiveCfg = Debug|x64
		{53F235F2-76EB-41B0-9E4F-CE166B4A6983}.Debug|x64.Build.0 = Debug|x64
		{53F235F2-76EB-41B0-9E4F-CE166B4A6983}.Debug|x86.ActiveCfg = Debug|Win32
		{53F235F2-76EB-41B0-9E4F-CE166B4A6983}.Debug|x86.Build.0 = Debug|Win32
		{53F235F2-76EB-41B0-9E4F-CE166B4A6983}.Release|x64.ActiveCfg = Release|x64
		{53F235F2-76EB-41B0-9E4F-CE166B4A6983}.Release|x64.Build.0 = Release|x64
		{53F235F2-76EB-41B0-9E4F-CE166B4A6983}.Release|x86.ActiveCfg = Release|Win32
		{53F235F2-76EB-41B0-9E4F-CE166B4A6983}.Release|x86.Build.0 = Release|Win32
		{EB1CA30A-D1F0-4053-B1AE-477F4D77238A}.Debug|x64.ActiveCfg = Debug|x64
		{EB1CA30A-D1F0-4053-B1AE-477F4D77238A}.Debug|x64.Build.0 = Debug|x64
		{EB1CA30A-D1F0-4053-B1AE-477F4D77238A}.Debug|x86.ActiveCfg = Debug|Win32
		{EB1CA30A-D1F0-4053-B1AE-477F4D77238A}.Debug|x86.Build.0 = Debug|Win32
		{EB1CA30A-D1F0-4053-B1AE-477F4D77238A}.Release|x64.ActiveCfg = Release|x64
		{EB1CA30A-D1F0-4053-B1AE-477F4D77238A}.Release|x64.Build.0 = Release|x64
		{EB1CA30A-D1F0-4053-B1AE-477F4D77238A}.Release|x86.ActiveCfg = Release|Win32
		{EB1CA30A-D1F0-4053-B1AE-477F4D77238A}.Release|x86.Build.0 = Release|Win32
		{3B672AA1-0FF0-4BE7-B5F7-B27BF361CC8B}.Debug|x64.ActiveCfg = Debug|x64
		{3B672AA1-0FF0-4BE7-B5F7-B27BF361CC8B}.Debug|x64.Build.0 = Debug|x64
		{3B672AA1-0FF0-4BE7-B5F7-B27BF361CC8B}.Debug|x86.ActiveCfg = Debug|Win32
		{3B672AA1-0FF0-4BE7-B5F7-B27BF361CC8B}.Debug|x86.Build.0 = Debug|Win32
		{3B672AA1-0FF0-4BE7-B5F7-B27BF361CC8B}.Release|x64.ActiveCfg = Release|x64
		{3B672AA1-0FF0-4BE7-B5F7-B27BF361CC8B}.Release|x64.Build.0 = Release|x64
		{3B672AA1-0FF0-4BE7-B5F7-B27BF361CC8B}.Release|x86.ActiveCfg = Release|Win32
		{3B672AA1-0FF0-4BE7-B5F7-B27BF361CC8B}.Release|x86.Build.0 = Release|Win32
	EndGlobalSection
	GlobalSection(SolutionProperties) = preSolution
		HideSolutionNode = FALSE
	EndGlobalSection
	GlobalSection(ExtensibilityGlobals) = postSolution
		SolutionGuid = {276380D2-7923-4565-93A6-04188DD2927B}
	EndGlobalSection
EndGlobal
