
Microsoft Visual Studio Solution File, Format Version 12.00
# Visual Studio Version 17
VisualStudioVersion = 17.7.34024.191
MinimumVisualStudioVersion = 10.0.40219.1
Project("{8BC9CEB8-8B4A-11D0-8D11-00A0C91BC942}") = "OS06_01", "OS06_01\OS06_01.vcxproj", "{21493FD0-A354-4C96-B334-400E577EE05E}"
EndProject
Project("{8BC9CEB8-8B4A-11D0-8D11-00A0C91BC942}") = "OS06_02", "OS06_02\OS06_02.vcxproj", "{1FACE37B-D8B6-4051-AAB2-FE203E58782E}"
EndProject
Project("{8BC9CEB8-8B4A-11D0-8D11-00A0C91BC942}") = "OS06_03", "OS06_03\OS06_03.vcxproj", "{DD79C59D-CDDD-466A-88C6-9E81CD9F3C6D}"
EndProject
Project("{8BC9CEB8-8B4A-11D0-8D11-00A0C91BC942}") = "OS06_03A", "OS06_03A\OS06_03A.vcxproj", "{318252A3-2A74-48C8-9237-D7BD01BEA734}"
EndProject
Project("{8BC9CEB8-8B4A-11D0-8D11-00A0C91BC942}") = "OS06_03B", "OS06_03B\OS06_03B.vcxproj", "{E0ACEC98-463D-4124-9D4B-88B8D0A1FEBF}"
EndProject
Project("{8BC9CEB8-8B4A-11D0-8D11-00A0C91BC942}") = "OS06_04", "OS06_04\OS06_04.vcxproj", "{749FEB07-AD89-45F0-B626-A3A911E69383}"
EndProject
Project("{8BC9CEB8-8B4A-11D0-8D11-00A0C91BC942}") = "OS06_04A", "OS06_04A\OS06_04A.vcxproj", "{3F520A0E-D06B-4871-A3F4-15633874F3F7}"
EndProject
Project("{8BC9CEB8-8B4A-11D0-8D11-00A0C91BC942}") = "OS06_04B", "OS06_04B\OS06_04B.vcxproj", "{86650CC8-628B-42A4-A7D9-D3D2EFD6C64A}"
EndProject
Project("{8BC9CEB8-8B4A-11D0-8D11-00A0C91BC942}") = "OS06_05", "OS06_05\OS06_05.vcxproj", "{431D42F4-DF3C-4005-8107-0D9DFF368675}"
EndProject
Project("{8BC9CEB8-8B4A-11D0-8D11-00A0C91BC942}") = "OS06_05A", "OS06_05A\OS06_05A.vcxproj", "{F63F260B-2748-4AF5-8941-FA7A2EEF09C1}"
EndProject
Project("{8BC9CEB8-8B4A-11D0-8D11-00A0C91BC942}") = "OS06_05B", "OS06_05B\OS06_05B.vcxproj", "{AE5DFC0A-FA5E-4A0C-9B36-B7828D79344E}"
EndProject
Global
	GlobalSection(SolutionConfigurationPlatforms) = preSolution
		Debug|x64 = Debug|x64
		Debug|x86 = Debug|x86
		Release|x64 = Release|x64
		Release|x86 = Release|x86
	EndGlobalSection
	GlobalSection(ProjectConfigurationPlatforms) = postSolution
		{21493FD0-A354-4C96-B334-400E577EE05E}.Debug|x64.ActiveCfg = Debug|x64
		{21493FD0-A354-4C96-B334-400E577EE05E}.Debug|x64.Build.0 = Debug|x64
		{21493FD0-A354-4C96-B334-400E577EE05E}.Debug|x86.ActiveCfg = Debug|Win32
		{21493FD0-A354-4C96-B334-400E577EE05E}.Debug|x86.Build.0 = Debug|Win32
		{21493FD0-A354-4C96-B334-400E577EE05E}.Release|x64.ActiveCfg = Release|x64
		{21493FD0-A354-4C96-B334-400E577EE05E}.Release|x64.Build.0 = Release|x64
		{21493FD0-A354-4C96-B334-400E577EE05E}.Release|x86.ActiveCfg = Release|Win32
		{21493FD0-A354-4C96-B334-400E577EE05E}.Release|x86.Build.0 = Release|Win32
		{1FACE37B-D8B6-4051-AAB2-FE203E58782E}.Debug|x64.ActiveCfg = Debug|x64
		{1FACE37B-D8B6-4051-AAB2-FE203E58782E}.Debug|x64.Build.0 = Debug|x64
		{1FACE37B-D8B6-4051-AAB2-FE203E58782E}.Debug|x86.ActiveCfg = Debug|Win32
		{1FACE37B-D8B6-4051-AAB2-FE203E58782E}.Debug|x86.Build.0 = Debug|Win32
		{1FACE37B-D8B6-4051-AAB2-FE203E58782E}.Release|x64.ActiveCfg = Release|x64
		{1FACE37B-D8B6-4051-AAB2-FE203E58782E}.Release|x64.Build.0 = Release|x64
		{1FACE37B-D8B6-4051-AAB2-FE203E58782E}.Release|x86.ActiveCfg = Release|Win32
		{1FACE37B-D8B6-4051-AAB2-FE203E58782E}.Release|x86.Build.0 = Release|Win32
		{DD79C59D-CDDD-466A-88C6-9E81CD9F3C6D}.Debug|x64.ActiveCfg = Debug|x64
		{DD79C59D-CDDD-466A-88C6-9E81CD9F3C6D}.Debug|x64.Build.0 = Debug|x64
		{DD79C59D-CDDD-466A-88C6-9E81CD9F3C6D}.Debug|x86.ActiveCfg = Debug|Win32
		{DD79C59D-CDDD-466A-88C6-9E81CD9F3C6D}.Debug|x86.Build.0 = Debug|Win32
		{DD79C59D-CDDD-466A-88C6-9E81CD9F3C6D}.Release|x64.ActiveCfg = Release|x64
		{DD79C59D-CDDD-466A-88C6-9E81CD9F3C6D}.Release|x64.Build.0 = Release|x64
		{DD79C59D-CDDD-466A-88C6-9E81CD9F3C6D}.Release|x86.ActiveCfg = Release|Win32
		{DD79C59D-CDDD-466A-88C6-9E81CD9F3C6D}.Release|x86.Build.0 = Release|Win32
		{318252A3-2A74-48C8-9237-D7BD01BEA734}.Debug|x64.ActiveCfg = Debug|x64
		{318252A3-2A74-48C8-9237-D7BD01BEA734}.Debug|x64.Build.0 = Debug|x64
		{318252A3-2A74-48C8-9237-D7BD01BEA734}.Debug|x86.ActiveCfg = Debug|Win32
		{318252A3-2A74-48C8-9237-D7BD01BEA734}.Debug|x86.Build.0 = Debug|Win32
		{318252A3-2A74-48C8-9237-D7BD01BEA734}.Release|x64.ActiveCfg = Release|x64
		{318252A3-2A74-48C8-9237-D7BD01BEA734}.Release|x64.Build.0 = Release|x64
		{318252A3-2A74-48C8-9237-D7BD01BEA734}.Release|x86.ActiveCfg = Release|Win32
		{318252A3-2A74-48C8-9237-D7BD01BEA734}.Release|x86.Build.0 = Release|Win32
		{E0ACEC98-463D-4124-9D4B-88B8D0A1FEBF}.Debug|x64.ActiveCfg = Debug|x64
		{E0ACEC98-463D-4124-9D4B-88B8D0A1FEBF}.Debug|x64.Build.0 = Debug|x64
		{E0ACEC98-463D-4124-9D4B-88B8D0A1FEBF}.Debug|x86.ActiveCfg = Debug|Win32
		{E0ACEC98-463D-4124-9D4B-88B8D0A1FEBF}.Debug|x86.Build.0 = Debug|Win32
		{E0ACEC98-463D-4124-9D4B-88B8D0A1FEBF}.Release|x64.ActiveCfg = Release|x64
		{E0ACEC98-463D-4124-9D4B-88B8D0A1FEBF}.Release|x64.Build.0 = Release|x64
		{E0ACEC98-463D-4124-9D4B-88B8D0A1FEBF}.Release|x86.ActiveCfg = Release|Win32
		{E0ACEC98-463D-4124-9D4B-88B8D0A1FEBF}.Release|x86.Build.0 = Release|Win32
		{749FEB07-AD89-45F0-B626-A3A911E69383}.Debug|x64.ActiveCfg = Debug|x64
		{749FEB07-AD89-45F0-B626-A3A911E69383}.Debug|x64.Build.0 = Debug|x64
		{749FEB07-AD89-45F0-B626-A3A911E69383}.Debug|x86.ActiveCfg = Debug|Win32
		{749FEB07-AD89-45F0-B626-A3A911E69383}.Debug|x86.Build.0 = Debug|Win32
		{749FEB07-AD89-45F0-B626-A3A911E69383}.Release|x64.ActiveCfg = Release|x64
		{749FEB07-AD89-45F0-B626-A3A911E69383}.Release|x64.Build.0 = Release|x64
		{749FEB07-AD89-45F0-B626-A3A911E69383}.Release|x86.ActiveCfg = Release|Win32
		{749FEB07-AD89-45F0-B626-A3A911E69383}.Release|x86.Build.0 = Release|Win32
		{3F520A0E-D06B-4871-A3F4-15633874F3F7}.Debug|x64.ActiveCfg = Debug|x64
		{3F520A0E-D06B-4871-A3F4-15633874F3F7}.Debug|x64.Build.0 = Debug|x64
		{3F520A0E-D06B-4871-A3F4-15633874F3F7}.Debug|x86.ActiveCfg = Debug|Win32
		{3F520A0E-D06B-4871-A3F4-15633874F3F7}.Debug|x86.Build.0 = Debug|Win32
		{3F520A0E-D06B-4871-A3F4-15633874F3F7}.Release|x64.ActiveCfg = Release|x64
		{3F520A0E-D06B-4871-A3F4-15633874F3F7}.Release|x64.Build.0 = Release|x64
		{3F520A0E-D06B-4871-A3F4-15633874F3F7}.Release|x86.ActiveCfg = Release|Win32
		{3F520A0E-D06B-4871-A3F4-15633874F3F7}.Release|x86.Build.0 = Release|Win32
		{86650CC8-628B-42A4-A7D9-D3D2EFD6C64A}.Debug|x64.ActiveCfg = Debug|x64
		{86650CC8-628B-42A4-A7D9-D3D2EFD6C64A}.Debug|x64.Build.0 = Debug|x64
		{86650CC8-628B-42A4-A7D9-D3D2EFD6C64A}.Debug|x86.ActiveCfg = Debug|Win32
		{86650CC8-628B-42A4-A7D9-D3D2EFD6C64A}.Debug|x86.Build.0 = Debug|Win32
		{86650CC8-628B-42A4-A7D9-D3D2EFD6C64A}.Release|x64.ActiveCfg = Release|x64
		{86650CC8-628B-42A4-A7D9-D3D2EFD6C64A}.Release|x64.Build.0 = Release|x64
		{86650CC8-628B-42A4-A7D9-D3D2EFD6C64A}.Release|x86.ActiveCfg = Release|Win32
		{86650CC8-628B-42A4-A7D9-D3D2EFD6C64A}.Release|x86.Build.0 = Release|Win32
		{431D42F4-DF3C-4005-8107-0D9DFF368675}.Debug|x64.ActiveCfg = Debug|x64
		{431D42F4-DF3C-4005-8107-0D9DFF368675}.Debug|x64.Build.0 = Debug|x64
		{431D42F4-DF3C-4005-8107-0D9DFF368675}.Debug|x86.ActiveCfg = Debug|Win32
		{431D42F4-DF3C-4005-8107-0D9DFF368675}.Debug|x86.Build.0 = Debug|Win32
		{431D42F4-DF3C-4005-8107-0D9DFF368675}.Release|x64.ActiveCfg = Release|x64
		{431D42F4-DF3C-4005-8107-0D9DFF368675}.Release|x64.Build.0 = Release|x64
		{431D42F4-DF3C-4005-8107-0D9DFF368675}.Release|x86.ActiveCfg = Release|Win32
		{431D42F4-DF3C-4005-8107-0D9DFF368675}.Release|x86.Build.0 = Release|Win32
		{F63F260B-2748-4AF5-8941-FA7A2EEF09C1}.Debug|x64.ActiveCfg = Debug|x64
		{F63F260B-2748-4AF5-8941-FA7A2EEF09C1}.Debug|x64.Build.0 = Debug|x64
		{F63F260B-2748-4AF5-8941-FA7A2EEF09C1}.Debug|x86.ActiveCfg = Debug|Win32
		{F63F260B-2748-4AF5-8941-FA7A2EEF09C1}.Debug|x86.Build.0 = Debug|Win32
		{F63F260B-2748-4AF5-8941-FA7A2EEF09C1}.Release|x64.ActiveCfg = Release|x64
		{F63F260B-2748-4AF5-8941-FA7A2EEF09C1}.Release|x64.Build.0 = Release|x64
		{F63F260B-2748-4AF5-8941-FA7A2EEF09C1}.Release|x86.ActiveCfg = Release|Win32
		{F63F260B-2748-4AF5-8941-FA7A2EEF09C1}.Release|x86.Build.0 = Release|Win32
		{AE5DFC0A-FA5E-4A0C-9B36-B7828D79344E}.Debug|x64.ActiveCfg = Debug|x64
		{AE5DFC0A-FA5E-4A0C-9B36-B7828D79344E}.Debug|x64.Build.0 = Debug|x64
		{AE5DFC0A-FA5E-4A0C-9B36-B7828D79344E}.Debug|x86.ActiveCfg = Debug|Win32
		{AE5DFC0A-FA5E-4A0C-9B36-B7828D79344E}.Debug|x86.Build.0 = Debug|Win32
		{AE5DFC0A-FA5E-4A0C-9B36-B7828D79344E}.Release|x64.ActiveCfg = Release|x64
		{AE5DFC0A-FA5E-4A0C-9B36-B7828D79344E}.Release|x64.Build.0 = Release|x64
		{AE5DFC0A-FA5E-4A0C-9B36-B7828D79344E}.Release|x86.ActiveCfg = Release|Win32
		{AE5DFC0A-FA5E-4A0C-9B36-B7828D79344E}.Release|x86.Build.0 = Release|Win32
	EndGlobalSection
	GlobalSection(SolutionProperties) = preSolution
		HideSolutionNode = FALSE
	EndGlobalSection
	GlobalSection(ExtensibilityGlobals) = postSolution
		SolutionGuid = {7E8D58A7-FE65-40E7-BB04-ADF68B6C53F5}
	EndGlobalSection
EndGlobal
